
Microsoft Visual Studio Solution File, Format Version 12.00
# Visual Studio Version 17
VisualStudioVersion = 17.7.34221.43
MinimumVisualStudioVersion = 10.0.40219.1
Project("{FAE04EC0-301F-11D3-BF4B-00C04F79EFBC}") = "SelectXml", "SelectXml\SelectXml.csproj", "{7E43A10B-423D-438A-8D75-E6BE747F8EBC}"
EndProject
Global
	GlobalSection(SolutionConfigurationPlatforms) = preSolution
		Debug|Any CPU = Debug|Any CPU
		Release|Any CPU = Release|Any CPU
	EndGlobalSection
	GlobalSection(ProjectConfigurationPlatforms) = postSolution
		{7E43A10B-423D-438A-8D75-E6BE747F8EBC}.Debug|Any CPU.ActiveCfg = Debug|Any CPU
		{7E43A10B-423D-438A-8D75-E6BE747F8EBC}.Debug|Any CPU.Build.0 = Debug|Any CPU
		{7E43A10B-423D-438A-8D75-E6BE747F8EBC}.Release|Any CPU.ActiveCfg = Release|Any CPU
		{7E43A10B-423D-438A-8D75-E6BE747F8EBC}.Release|Any CPU.Build.0 = Release|Any CPU
	EndGlobalSection
	GlobalSection(SolutionProperties) = preSolution
		HideSolutionNode = FALSE
	EndGlobalSection
	GlobalSection(ExtensibilityGlobals) = postSolution
		SolutionGuid = {6B2ACBA1-53E4-4C48-A0A8-51B227DF1A90}
	EndGlobalSection
EndGlobal
